// !$*UTF8*$!
{
	archiveVersion = 1;
	classes = {
	};
	objectVersion = 48;
	objects = {

/* Begin PBXBuildFile section */
		2A24E1D120A13E8800DCA239 /* CollectionViewCell.swift in Sources */ = {isa = PBXBuildFile; fileRef = 2A24E1D020A13E8800DCA239 /* CollectionViewCell.swift */; };
		2A2D003420A15CE4003F1C16 /* Keys.plist in Resources */ = {isa = PBXBuildFile; fileRef = 2A2D003320A15CE4003F1C16 /* Keys.plist */; };
		2A80C8C320A7961100C98EFB /* Keys.plist in Resources */ = {isa = PBXBuildFile; fileRef = 2A80C8C220A7961100C98EFB /* Keys.plist */; };
		2AFFFB9C209F998C00E051E1 /* AppDelegate.swift in Sources */ = {isa = PBXBuildFile; fileRef = 2AFFFB9B209F998C00E051E1 /* AppDelegate.swift */; };
		2AFFFB9E209F998C00E051E1 /* CollectionViewController.swift in Sources */ = {isa = PBXBuildFile; fileRef = 2AFFFB9D209F998C00E051E1 /* CollectionViewController.swift */; };
		2AFFFBA1209F998C00E051E1 /* Main.storyboard in Resources */ = {isa = PBXBuildFile; fileRef = 2AFFFB9F209F998C00E051E1 /* Main.storyboard */; };
		2AFFFBA3209F998C00E051E1 /* Assets.xcassets in Resources */ = {isa = PBXBuildFile; fileRef = 2AFFFBA2209F998C00E051E1 /* Assets.xcassets */; };
		2AFFFBA6209F998C00E051E1 /* LaunchScreen.storyboard in Resources */ = {isa = PBXBuildFile; fileRef = 2AFFFBA4209F998C00E051E1 /* LaunchScreen.storyboard */; };
		8EF1BE05EFA257C1EB777083 /* Pods_MoltinEx.framework in Frameworks */ = {isa = PBXBuildFile; fileRef = 9879B2D3D6A715E3C297529D /* Pods_MoltinEx.framework */; };
/* End PBXBuildFile section */

/* Begin PBXFileReference section */
		10F4080B0FCBA1DA32FEE428 /* Pods-MoltinEx.debug.xcconfig */ = {isa = PBXFileReference; includeInIndex = 1; lastKnownFileType = text.xcconfig; name = "Pods-MoltinEx.debug.xcconfig"; path = "Pods/Target Support Files/Pods-MoltinEx/Pods-MoltinEx.debug.xcconfig"; sourceTree = "<group>"; };
		2A24E1D020A13E8800DCA239 /* CollectionViewCell.swift */ = {isa = PBXFileReference; lastKnownFileType = sourcecode.swift; path = CollectionViewCell.swift; sourceTree = "<group>"; };
		2A2D003320A15CE4003F1C16 /* Keys.plist */ = {isa = PBXFileReference; lastKnownFileType = text.plist.xml; path = Keys.plist; sourceTree = "<group>"; };
		2A80C8C220A7961100C98EFB /* Keys.plist */ = {isa = PBXFileReference; fileEncoding = 4; lastKnownFileType = text.plist.xml; path = Keys.plist; sourceTree = "<group>"; };
		2AFFFB98209F998C00E051E1 /* MoltinEx.app */ = {isa = PBXFileReference; explicitFileType = wrapper.application; includeInIndex = 0; path = MoltinEx.app; sourceTree = BUILT_PRODUCTS_DIR; };
		2AFFFB9B209F998C00E051E1 /* AppDelegate.swift */ = {isa = PBXFileReference; lastKnownFileType = sourcecode.swift; path = AppDelegate.swift; sourceTree = "<group>"; };
		2AFFFB9D209F998C00E051E1 /* CollectionViewController.swift */ = {isa = PBXFileReference; lastKnownFileType = sourcecode.swift; path = CollectionViewController.swift; sourceTree = "<group>"; };
		2AFFFBA0209F998C00E051E1 /* Base */ = {isa = PBXFileReference; lastKnownFileType = file.storyboard; name = Base; path = Base.lproj/Main.storyboard; sourceTree = "<group>"; };
		2AFFFBA2209F998C00E051E1 /* Assets.xcassets */ = {isa = PBXFileReference; lastKnownFileType = folder.assetcatalog; path = Assets.xcassets; sourceTree = "<group>"; };
		2AFFFBA5209F998C00E051E1 /* Base */ = {isa = PBXFileReference; lastKnownFileType = file.storyboard; name = Base; path = Base.lproj/LaunchScreen.storyboard; sourceTree = "<group>"; };
		2AFFFBA7209F998C00E051E1 /* Info.plist */ = {isa = PBXFileReference; lastKnownFileType = text.plist.xml; path = Info.plist; sourceTree = "<group>"; };
		9879B2D3D6A715E3C297529D /* Pods_MoltinEx.framework */ = {isa = PBXFileReference; explicitFileType = wrapper.framework; includeInIndex = 0; path = Pods_MoltinEx.framework; sourceTree = BUILT_PRODUCTS_DIR; };
		CC5971905A0486E8BED76B76 /* Pods-MoltinEx.release.xcconfig */ = {isa = PBXFileReference; includeInIndex = 1; lastKnownFileType = text.xcconfig; name = "Pods-MoltinEx.release.xcconfig"; path = "Pods/Target Support Files/Pods-MoltinEx/Pods-MoltinEx.release.xcconfig"; sourceTree = "<group>"; };
/* End PBXFileReference section */

/* Begin PBXFrameworksBuildPhase section */
		2AFFFB95209F998C00E051E1 /* Frameworks */ = {
			isa = PBXFrameworksBuildPhase;
			buildActionMask = 2147483647;
			files = (
				8EF1BE05EFA257C1EB777083 /* Pods_MoltinEx.framework in Frameworks */,
			);
			runOnlyForDeploymentPostprocessing = 0;
		};
/* End PBXFrameworksBuildPhase section */

/* Begin PBXGroup section */
		2A24E1CF20A13E3B00DCA239 /* CollectionCells */ = {
			isa = PBXGroup;
			children = (
				2A24E1D020A13E8800DCA239 /* CollectionViewCell.swift */,
			);
			path = CollectionCells;
			sourceTree = "<group>";
		};
		2A2D003520A1DBF0003F1C16 /* Plist */ = {
			isa = PBXGroup;
			children = (
				2A2D003320A15CE4003F1C16 /* Keys.plist */,
			);
			path = Plist;
			sourceTree = "<group>";
		};
		2AFFFB8F209F998C00E051E1 = {
			isa = PBXGroup;
			children = (
				2AFFFB9A209F998C00E051E1 /* MoltinEx */,
				2AFFFB99209F998C00E051E1 /* Products */,
				98FE9C381C239C35230A7A4C /* Pods */,
				B16049636FC5EF94C2B504F3 /* Frameworks */,
			);
			sourceTree = "<group>";
		};
		2AFFFB99209F998C00E051E1 /* Products */ = {
			isa = PBXGroup;
			children = (
				2AFFFB98209F998C00E051E1 /* MoltinEx.app */,
			);
			name = Products;
			sourceTree = "<group>";
		};
		2AFFFB9A209F998C00E051E1 /* MoltinEx */ = {
			isa = PBXGroup;
			children = (
				2AFFFB9B209F998C00E051E1 /* AppDelegate.swift */,
				2AFFFB9D209F998C00E051E1 /* CollectionViewController.swift */,
				2AFFFB9F209F998C00E051E1 /* Main.storyboard */,
				2AFFFBA2209F998C00E051E1 /* Assets.xcassets */,
				2A24E1CF20A13E3B00DCA239 /* CollectionCells */,
				2AFFFBA4209F998C00E051E1 /* LaunchScreen.storyboard */,
				2AFFFBA7209F998C00E051E1 /* Info.plist */,
				2A80C8C220A7961100C98EFB /* Keys.plist */,
				2A2D003520A1DBF0003F1C16 /* Plist */,
			);
			path = MoltinEx;
			sourceTree = "<group>";
		};
		98FE9C381C239C35230A7A4C /* Pods */ = {
			isa = PBXGroup;
			children = (
				10F4080B0FCBA1DA32FEE428 /* Pods-MoltinEx.debug.xcconfig */,
				CC5971905A0486E8BED76B76 /* Pods-MoltinEx.release.xcconfig */,
			);
			name = Pods;
			sourceTree = "<group>";
		};
		B16049636FC5EF94C2B504F3 /* Frameworks */ = {
			isa = PBXGroup;
			children = (
				9879B2D3D6A715E3C297529D /* Pods_MoltinEx.framework */,
			);
			name = Frameworks;
			sourceTree = "<group>";
		};
/* End PBXGroup section */

/* Begin PBXNativeTarget section */
		2AFFFB97209F998C00E051E1 /* MoltinEx */ = {
			isa = PBXNativeTarget;
			buildConfigurationList = 2AFFFBAA209F998C00E051E1 /* Build configuration list for PBXNativeTarget "MoltinEx" */;
			buildPhases = (
				E6AD7A5B89A5101ADC4168BE /* [CP] Check Pods Manifest.lock */,
				2AFFFB94209F998C00E051E1 /* Sources */,
				2AFFFB95209F998C00E051E1 /* Frameworks */,
				2AFFFB96209F998C00E051E1 /* Resources */,
				92E4795F6970C387415118FF /* [CP] Embed Pods Frameworks */,
			);
			buildRules = (
			);
			dependencies = (
			);
			name = MoltinEx;
			productName = MoltinEx;
			productReference = 2AFFFB98209F998C00E051E1 /* MoltinEx.app */;
			productType = "com.apple.product-type.application";
		};
/* End PBXNativeTarget section */

/* Begin PBXProject section */
		2AFFFB90209F998C00E051E1 /* Project object */ = {
			isa = PBXProject;
			attributes = {
				LastSwiftUpdateCheck = 0920;
				LastUpgradeCheck = 0920;
				ORGANIZATIONNAME = "John John";
				TargetAttributes = {
					2AFFFB97209F998C00E051E1 = {
						CreatedOnToolsVersion = 9.2;
						ProvisioningStyle = Automatic;
					};
				};
			};
			buildConfigurationList = 2AFFFB93209F998C00E051E1 /* Build configuration list for PBXProject "MoltinEx" */;
			compatibilityVersion = "Xcode 8.0";
			developmentRegion = en;
			hasScannedForEncodings = 0;
			knownRegions = (
				en,
				Base,
			);
			mainGroup = 2AFFFB8F209F998C00E051E1;
			productRefGroup = 2AFFFB99209F998C00E051E1 /* Products */;
			projectDirPath = "";
			projectRoot = "";
			targets = (
				2AFFFB97209F998C00E051E1 /* MoltinEx */,
			);
		};
/* End PBXProject section */

/* Begin PBXResourcesBuildPhase section */
		2AFFFB96209F998C00E051E1 /* Resources */ = {
			isa = PBXResourcesBuildPhase;
			buildActionMask = 2147483647;
			files = (
				2AFFFBA6209F998C00E051E1 /* LaunchScreen.storyboard in Resources */,
				2A2D003420A15CE4003F1C16 /* Keys.plist in Resources */,
				2AFFFBA3209F998C00E051E1 /* Assets.xcassets in Resources */,
				2AFFFBA1209F998C00E051E1 /* Main.storyboard in Resources */,
				2A80C8C320A7961100C98EFB /* Keys.plist in Resources */,
			);
			runOnlyForDeploymentPostprocessing = 0;
		};
/* End PBXResourcesBuildPhase section */

/* Begin PBXShellScriptBuildPhase section */
		92E4795F6970C387415118FF /* [CP] Embed Pods Frameworks */ = {
			isa = PBXShellScriptBuildPhase;
			buildActionMask = 2147483647;
			files = (
			);
			inputPaths = (
				"${SRCROOT}/Pods/Target Support Files/Pods-MoltinEx/Pods-MoltinEx-frameworks.sh",
				"${BUILT_PRODUCTS_DIR}/Alamofire/Alamofire.framework",
				"${BUILT_PRODUCTS_DIR}/Gloss/Gloss.framework",
				"${BUILT_PRODUCTS_DIR}/Moltin/Moltin.framework",
			);
			name = "[CP] Embed Pods Frameworks";
			outputPaths = (
				"${TARGET_BUILD_DIR}/${FRAMEWORKS_FOLDER_PATH}/Alamofire.framework",
				"${TARGET_BUILD_DIR}/${FRAMEWORKS_FOLDER_PATH}/Gloss.framework",
				"${TARGET_BUILD_DIR}/${FRAMEWORKS_FOLDER_PATH}/Moltin.framework",
			);
			runOnlyForDeploymentPostprocessing = 0;
			shellPath = /bin/sh;
			shellScript = "\"${SRCROOT}/Pods/Target Support Files/Pods-MoltinEx/Pods-MoltinEx-frameworks.sh\"\n";
			showEnvVarsInLog = 0;
		};
		E6AD7A5B89A5101ADC4168BE /* [CP] Check Pods Manifest.lock */ = {
			isa = PBXShellScriptBuildPhase;
			buildActionMask = 2147483647;
			files = (
			);
			inputPaths = (
				"${PODS_PODFILE_DIR_PATH}/Podfile.lock",
				"${PODS_ROOT}/Manifest.lock",
			);
			name = "[CP] Check Pods Manifest.lock";
			outputPaths = (
				"$(DERIVED_FILE_DIR)/Pods-MoltinEx-checkManifestLockResult.txt",
			);
			runOnlyForDeploymentPostprocessing = 0;
			shellPath = /bin/sh;
			shellScript = "diff \"${PODS_PODFILE_DIR_PATH}/Podfile.lock\" \"${PODS_ROOT}/Manifest.lock\" > /dev/null\nif [ $? != 0 ] ; then\n    # print error to STDERR\n    echo \"error: The sandbox is not in sync with the Podfile.lock. Run 'pod install' or update your CocoaPods installation.\" >&2\n    exit 1\nfi\n# This output is used by Xcode 'outputs' to avoid re-running this script phase.\necho \"SUCCESS\" > \"${SCRIPT_OUTPUT_FILE_0}\"\n";
			showEnvVarsInLog = 0;
		};
/* End PBXShellScriptBuildPhase section */

/* Begin PBXSourcesBuildPhase section */
		2AFFFB94209F998C00E051E1 /* Sources */ = {
			isa = PBXSourcesBuildPhase;
			buildActionMask = 2147483647;
			files = (
				2AFFFB9E209F998C00E051E1 /* CollectionViewController.swift in Sources */,
				2AFFFB9C209F998C00E051E1 /* AppDelegate.swift in Sources */,
				2A24E1D120A13E8800DCA239 /* CollectionViewCell.swift in Sources */,
			);
			runOnlyForDeploymentPostprocessing = 0;
		};
/* End PBXSourcesBuildPhase section */

/* Begin PBXVariantGroup section */
		2AFFFB9F209F998C00E051E1 /* Main.storyboard */ = {
			isa = PBXVariantGroup;
			children = (
				2AFFFBA0209F998C00E051E1 /* Base */,
			);
			name = Main.storyboard;
			sourceTree = "<group>";
		};
		2AFFFBA4209F998C00E051E1 /* LaunchScreen.storyboard */ = {
			isa = PBXVariantGroup;
			children = (
				2AFFFBA5209F998C00E051E1 /* Base */,
			);
			name = LaunchScreen.storyboard;
			sourceTree = "<group>";
		};
/* End PBXVariantGroup section */

/* Begin XCBuildConfiguration section */
		2AFFFBA8209F998C00E051E1 /* Debug */ = {
			isa = XCBuildConfiguration;
			buildSettings = {
				ALWAYS_SEARCH_USER_PATHS = NO;
				CLANG_ANALYZER_NONNULL = YES;
				CLANG_ANALYZER_NUMBER_OBJECT_CONVERSION = YES_AGGRESSIVE;
				CLANG_CXX_LANGUAGE_STANDARD = "gnu++14";
				CLANG_CXX_LIBRARY = "libc++";
				CLANG_ENABLE_MODULES = YES;
				CLANG_ENABLE_OBJC_ARC = YES;
				CLANG_WARN_BLOCK_CAPTURE_AUTORELEASING = YES;
				CLANG_WARN_BOOL_CONVERSION = YES;
				CLANG_WARN_COMMA = YES;
				CLANG_WARN_CONSTANT_CONVERSION = YES;
				CLANG_WARN_DIRECT_OBJC_ISA_USAGE = YES_ERROR;
				CLANG_WARN_DOCUMENTATION_COMMENTS = YES;
				CLANG_WARN_EMPTY_BODY = YES;
				CLANG_WARN_ENUM_CONVERSION = YES;
				CLANG_WARN_INFINITE_RECURSION = YES;
				CLANG_WARN_INT_CONVERSION = YES;
				CLANG_WARN_NON_LITERAL_NULL_CONVERSION = YES;
				CLANG_WARN_OBJC_LITERAL_CONVERSION = YES;
				CLANG_WARN_OBJC_ROOT_CLASS = YES_ERROR;
				CLANG_WARN_RANGE_LOOP_ANALYSIS = YES;
				CLANG_WARN_STRICT_PROTOTYPES = YES;
				CLANG_WARN_SUSPICIOUS_MOVE = YES;
				CLANG_WARN_UNGUARDED_AVAILABILITY = YES_AGGRESSIVE;
				CLANG_WARN_UNREACHABLE_CODE = YES;
				CLANG_WARN__DUPLICATE_METHOD_MATCH = YES;
				CODE_SIGN_IDENTITY = "iPhone Developer";
				COPY_PHASE_STRIP = NO;
				DEBUG_INFORMATION_FORMAT = dwarf;
				ENABLE_STRICT_OBJC_MSGSEND = YES;
				ENABLE_TESTABILITY = YES;
				GCC_C_LANGUAGE_STANDARD = gnu11;
				GCC_DYNAMIC_NO_PIC = NO;
				GCC_NO_COMMON_BLOCKS = YES;
				GCC_OPTIMIZATION_LEVEL = 0;
				GCC_PREPROCESSOR_DEFINITIONS = (
					"DEBUG=1",
					"$(inherited)",
				);
				GCC_WARN_64_TO_32_BIT_CONVERSION = YES;
				GCC_WARN_ABOUT_RETURN_TYPE = YES_ERROR;
				GCC_WARN_UNDECLARED_SELECTOR = YES;
				GCC_WARN_UNINITIALIZED_AUTOS = YES_AGGRESSIVE;
				GCC_WARN_UNUSED_FUNCTION = YES;
				GCC_WARN_UNUSED_VARIABLE = YES;
				IPHONEOS_DEPLOYMENT_TARGET = 11.2;
				MTL_ENABLE_DEBUG_INFO = YES;
				ONLY_ACTIVE_ARCH = YES;
				SDKROOT = iphoneos;
				SWIFT_ACTIVE_COMPILATION_CONDITIONS = DEBUG;
				SWIFT_OPTIMIZATION_LEVEL = "-Onone";
			};
			name = Debug;
		};
		2AFFFBA9209F998C00E051E1 /* Release */ = {
			isa = XCBuildConfiguration;
			buildSettings = {
				ALWAYS_SEARCH_USER_PATHS = NO;
				CLANG_ANALYZER_NONNULL = YES;
				CLANG_ANALYZER_NUMBER_OBJECT_CONVERSION = YES_AGGRESSIVE;
				CLANG_CXX_LANGUAGE_STANDARD = "gnu++14";
				CLANG_CXX_LIBRARY = "libc++";
				CLANG_ENABLE_MODULES = YES;
				CLANG_ENABLE_OBJC_ARC = YES;
				CLANG_WARN_BLOCK_CAPTURE_AUTORELEASING = YES;
				CLANG_WARN_BOOL_CONVERSION = YES;
				CLANG_WARN_COMMA = YES;
				CLANG_WARN_CONSTANT_CONVERSION = YES;
				CLANG_WARN_DIRECT_OBJC_ISA_USAGE = YES_ERROR;
				CLANG_WARN_DOCUMENTATION_COMMENTS = YES;
				CLANG_WARN_EMPTY_BODY = YES;
				CLANG_WARN_ENUM_CONVERSION = YES;
				CLANG_WARN_INFINITE_RECURSION = YES;
				CLANG_WARN_INT_CONVERSION = YES;
				CLANG_WARN_NON_LITERAL_NULL_CONVERSION = YES;
				CLANG_WARN_OBJC_LITERAL_CONVERSION = YES;
				CLANG_WARN_OBJC_ROOT_CLASS = YES_ERROR;
				CLANG_WARN_RANGE_LOOP_ANALYSIS = YES;
				CLANG_WARN_STRICT_PROTOTYPES = YES;
				CLANG_WARN_SUSPICIOUS_MOVE = YES;
				CLANG_WARN_UNGUARDED_AVAILABILITY = YES_AGGRESSIVE;
				CLANG_WARN_UNREACHABLE_CODE = YES;
				CLANG_WARN__DUPLICATE_METHOD_MATCH = YES;
				CODE_SIGN_IDENTITY = "iPhone Developer";
				COPY_PHASE_STRIP = NO;
				DEBUG_INFORMATION_FORMAT = "dwarf-with-dsym";
				ENABLE_NS_ASSERTIONS = NO;
				ENABLE_STRICT_OBJC_MSGSEND = YES;
				GCC_C_LANGUAGE_STANDARD = gnu11;
				GCC_NO_COMMON_BLOCKS = YES;
				GCC_WARN_64_TO_32_BIT_CONVERSION = YES;
				GCC_WARN_ABOUT_RETURN_TYPE = YES_ERROR;
				GCC_WARN_UNDECLARED_SELECTOR = YES;
				GCC_WARN_UNINITIALIZED_AUTOS = YES_AGGRESSIVE;
				GCC_WARN_UNUSED_FUNCTION = YES;
				GCC_WARN_UNUSED_VARIABLE = YES;
				IPHONEOS_DEPLOYMENT_TARGET = 11.2;
				MTL_ENABLE_DEBUG_INFO = NO;
				SDKROOT = iphoneos;
				SWIFT_OPTIMIZATION_LEVEL = "-Owholemodule";
				VALIDATE_PRODUCT = YES;
			};
			name = Release;
		};
		2AFFFBAB209F998C00E051E1 /* Debug */ = {
			isa = XCBuildConfiguration;
			baseConfigurationReference = 10F4080B0FCBA1DA32FEE428 /* Pods-MoltinEx.debug.xcconfig */;
			buildSettings = {
				ASSETCATALOG_COMPILER_APPICON_NAME = AppIcon;
				CODE_SIGN_STYLE = Automatic;
				DEVELOPMENT_TEAM = 4DUBZM7EHV;
				INFOPLIST_FILE = MoltinEx/Info.plist;
				LD_RUNPATH_SEARCH_PATHS = "$(inherited) @executable_path/Frameworks";
				PRODUCT_BUNDLE_IDENTIFIER = com.camelhq.Moltin.MoltinEx;
				PRODUCT_NAME = "$(TARGET_NAME)";
				SWIFT_VERSION = 4.0;
				TARGETED_DEVICE_FAMILY = "1,2";
			};
			name = Debug;
		};
		2AFFFBAC209F998C00E051E1 /* Release */ = {
			isa = XCBuildConfiguration;
			baseConfigurationReference = CC5971905A0486E8BED76B76 /* Pods-MoltinEx.release.xcconfig */;
			buildSettings = {
				ASSETCATALOG_COMPILER_APPICON_NAME = AppIcon;
				CODE_SIGN_STYLE = Automatic;
				DEVELOPMENT_TEAM = 4DUBZM7EHV;
				INFOPLIST_FILE = MoltinEx/Info.plist;
				LD_RUNPATH_SEARCH_PATHS = "$(inherited) @executable_path/Frameworks";
				PRODUCT_BUNDLE_IDENTIFIER = com.camelhq.Moltin.MoltinEx;
				PRODUCT_NAME = "$(TARGET_NAME)";
				SWIFT_VERSION = 4.0;
				TARGETED_DEVICE_FAMILY = "1,2";
			};
			name = Release;
		};
/* End XCBuildConfiguration section */

/* Begin XCConfigurationList section */
		2AFFFB93209F998C00E051E1 /* Build configuration list for PBXProject "MoltinEx" */ = {
			isa = XCConfigurationList;
			buildConfigurations = (
				2AFFFBA8209F998C00E051E1 /* Debug */,
				2AFFFBA9209F998C00E051E1 /* Release */,
			);
			defaultConfigurationIsVisible = 0;
			defaultConfigurationName = Release;
		};
		2AFFFBAA209F998C00E051E1 /* Build configuration list for PBXNativeTarget "MoltinEx" */ = {
			isa = XCConfigurationList;
			buildConfigurations = (
				2AFFFBAB209F998C00E051E1 /* Debug */,
				2AFFFBAC209F998C00E051E1 /* Release */,
			);
			defaultConfigurationIsVisible = 0;
			defaultConfigurationName = Release;
		};
/* End XCConfigurationList section */
	};
	rootObject = 2AFFFB90209F998C00E051E1 /* Project object */;
}
